
Microsoft Visual Studio Solution File, Format Version 12.00
# Visual Studio Version 16
VisualStudioVersion = 16.0.31515.178
MinimumVisualStudioVersion = 10.0.40219.1
Project("{FAE04EC0-301F-11D3-BF4B-00C04F79EFBC}") = "SQLiteSample", "SQLiteSample\SQLiteSample.csproj", "{4C1DBFC5-1889-4909-B49A-968EFD47F65A}"
EndProject
Global
	GlobalSection(SolutionConfigurationPlatforms) = preSolution
		Debug|Any CPU = Debug|Any CPU
		Release|Any CPU = Release|Any CPU
	EndGlobalSection
	GlobalSection(ProjectConfigurationPlatforms) = postSolution
		{4C1DBFC5-1889-4909-B49A-968EFD47F65A}.Debug|Any CPU.ActiveCfg = Debug|Any CPU
		{4C1DBFC5-1889-4909-B49A-968EFD47F65A}.Debug|Any CPU.Build.0 = Debug|Any CPU
		{4C1DBFC5-1889-4909-B49A-968EFD47F65A}.Release|Any CPU.ActiveCfg = Release|Any CPU
		{4C1DBFC5-1889-4909-B49A-968EFD47F65A}.Release|Any CPU.Build.0 = Release|Any CPU
	EndGlobalSection
	GlobalSection(SolutionProperties) = preSolution
		HideSolutionNode = FALSE
	EndGlobalSection
	GlobalSection(ExtensibilityGlobals) = postSolution
		SolutionGuid = {BF06C648-1E6B-4240-8CEE-3184F79A60F7}
	EndGlobalSection
EndGlobal
